
Microsoft Visual Studio Solution File, Format Version 12.00
# Visual Studio Version 17
VisualStudioVersion = 17.0.31903.59
MinimumVisualStudioVersion = 10.0.40219.1
Project("{2150E333-8FDC-42A3-9474-1A3956D46DE8}") = "src", "src", "{827E0CD3-B72D-47B6-A68D-7590B98EB39B}"
EndProject
Project("{FAE04EC0-301F-11D3-BF4B-00C04F79EFBC}") = "OficinaMvp.Api", "src\OficinaMvp.Api\OficinaMvp.Api.csproj", "{260F823E-1B91-481C-8F45-0F0E3FD49C83}"
EndProject
Project("{FAE04EC0-301F-11D3-BF4B-00C04F79EFBC}") = "OficinaMvp.Domain.Tests", "tests\OficinaMvp.Domain.Tests\OficinaMvp.Domain.Tests.csproj", "{1BA4CA4B-B83F-46C0-ABF3-BC3067BA3478}"
EndProject
Project("{FAE04EC0-301F-11D3-BF4B-00C04F79EFBC}") = "OficinaMvp.Integration.Tests", "tests\OficinaMvp.Integration.Tests\OficinaMvp.Integration.Tests.csproj", "{FEE0D72E-CB37-4707-9AA5-8E46174B6C0A}"
EndProject
Global
	GlobalSection(SolutionConfigurationPlatforms) = preSolution
		Debug|Any CPU = Debug|Any CPU
		Debug|x64 = Debug|x64
		Debug|x86 = Debug|x86
		Release|Any CPU = Release|Any CPU
		Release|x64 = Release|x64
		Release|x86 = Release|x86
	EndGlobalSection
	GlobalSection(ProjectConfigurationPlatforms) = postSolution
		{260F823E-1B91-481C-8F45-0F0E3FD49C83}.Debug|Any CPU.ActiveCfg = Debug|Any CPU
		{260F823E-1B91-481C-8F45-0F0E3FD49C83}.Debug|Any CPU.Build.0 = Debug|Any CPU
		{260F823E-1B91-481C-8F45-0F0E3FD49C83}.Debug|x64.ActiveCfg = Debug|Any CPU
		{260F823E-1B91-481C-8F45-0F0E3FD49C83}.Debug|x64.Build.0 = Debug|Any CPU
		{260F823E-1B91-481C-8F45-0F0E3FD49C83}.Debug|x86.ActiveCfg = Debug|Any CPU
		{260F823E-1B91-481C-8F45-0F0E3FD49C83}.Debug|x86.Build.0 = Debug|Any CPU
		{260F823E-1B91-481C-8F45-0F0E3FD49C83}.Release|Any CPU.ActiveCfg = Release|Any CPU
		{260F823E-1B91-481C-8F45-0F0E3FD49C83}.Release|Any CPU.Build.0 = Release|Any CPU
		{260F823E-1B91-481C-8F45-0F0E3FD49C83}.Release|x64.ActiveCfg = Release|Any CPU
		{260F823E-1B91-481C-8F45-0F0E3FD49C83}.Release|x64.Build.0 = Release|Any CPU
		{260F823E-1B91-481C-8F45-0F0E3FD49C83}.Release|x86.ActiveCfg = Release|Any CPU
		{260F823E-1B91-481C-8F45-0F0E3FD49C83}.Release|x86.Build.0 = Release|Any CPU
		{1BA4CA4B-B83F-46C0-ABF3-BC3067BA3478}.Debug|Any CPU.ActiveCfg = Debug|Any CPU
		{1BA4CA4B-B83F-46C0-ABF3-BC3067BA3478}.Debug|Any CPU.Build.0 = Debug|Any CPU
		{1BA4CA4B-B83F-46C0-ABF3-BC3067BA3478}.Debug|x64.ActiveCfg = Debug|Any CPU
		{1BA4CA4B-B83F-46C0-ABF3-BC3067BA3478}.Debug|x64.Build.0 = Debug|Any CPU
		{1BA4CA4B-B83F-46C0-ABF3-BC3067BA3478}.Debug|x86.ActiveCfg = Debug|Any CPU
		{1BA4CA4B-B83F-46C0-ABF3-BC3067BA3478}.Debug|x86.Build.0 = Debug|Any CPU
		{1BA4CA4B-B83F-46C0-ABF3-BC3067BA3478}.Release|Any CPU.ActiveCfg = Release|Any CPU
		{1BA4CA4B-B83F-46C0-ABF3-BC3067BA3478}.Release|Any CPU.Build.0 = Release|Any CPU
		{1BA4CA4B-B83F-46C0-ABF3-BC3067BA3478}.Release|x64.ActiveCfg = Release|Any CPU
		{1BA4CA4B-B83F-46C0-ABF3-BC3067BA3478}.Release|x64.Build.0 = Release|Any CPU
		{1BA4CA4B-B83F-46C0-ABF3-BC3067BA3478}.Release|x86.ActiveCfg = Release|Any CPU
		{1BA4CA4B-B83F-46C0-ABF3-BC3067BA3478}.Release|x86.Build.0 = Release|Any CPU
		{FEE0D72E-CB37-4707-9AA5-8E46174B6C0A}.Debug|Any CPU.ActiveCfg = Debug|Any CPU
		{FEE0D72E-CB37-4707-9AA5-8E46174B6C0A}.Debug|Any CPU.Build.0 = Debug|Any CPU
		{FEE0D72E-CB37-4707-9AA5-8E46174B6C0A}.Debug|x64.ActiveCfg = Debug|Any CPU
		{FEE0D72E-CB37-4707-9AA5-8E46174B6C0A}.Debug|x64.Build.0 = Debug|Any CPU
		{FEE0D72E-CB37-4707-9AA5-8E46174B6C0A}.Debug|x86.ActiveCfg = Debug|Any CPU
		{FEE0D72E-CB37-4707-9AA5-8E46174B6C0A}.Debug|x86.Build.0 = Debug|Any CPU
		{FEE0D72E-CB37-4707-9AA5-8E46174B6C0A}.Release|Any CPU.ActiveCfg = Release|Any CPU
		{FEE0D72E-CB37-4707-9AA5-8E46174B6C0A}.Release|Any CPU.Build.0 = Release|Any CPU
		{FEE0D72E-CB37-4707-9AA5-8E46174B6C0A}.Release|x64.ActiveCfg = Release|Any CPU
		{FEE0D72E-CB37-4707-9AA5-8E46174B6C0A}.Release|x64.Build.0 = Release|Any CPU
		{FEE0D72E-CB37-4707-9AA5-8E46174B6C0A}.Release|x86.ActiveCfg = Release|Any CPU
		{FEE0D72E-CB37-4707-9AA5-8E46174B6C0A}.Release|x86.Build.0 = Release|Any CPU
	EndGlobalSection
	GlobalSection(SolutionProperties) = preSolution
		HideSolutionNode = FALSE
	EndGlobalSection
	GlobalSection(NestedProjects) = preSolution
		{260F823E-1B91-481C-8F45-0F0E3FD49C83} = {827E0CD3-B72D-47B6-A68D-7590B98EB39B}
		{1BA4CA4B-B83F-46C0-ABF3-BC3067BA3478} = {827E0CD3-B72D-47B6-A68D-7590B98EB39B}
		{FEE0D72E-CB37-4707-9AA5-8E46174B6C0A} = {827E0CD3-B72D-47B6-A68D-7590B98EB39B}
	EndGlobalSection
EndGlobal
